
Microsoft Visual Studio Solution File, Format Version 12.00
# Visual Studio Version 16
VisualStudioVersion = 16.0.28922.388
MinimumVisualStudioVersion = 10.0.40219.1
Project("{2150E333-8FDC-42A3-9474-1A3956D46DE8}") = "Server", "Server", "{C1B96D92-5CD2-41A5-A85C-8AC09A2387C9}"
EndProject
Project("{2150E333-8FDC-42A3-9474-1A3956D46DE8}") = "Client", "Client", "{498FABC7-8638-4257-B007-2E9F6E7042A5}"
EndProject
Project("{FAE04EC0-301F-11D3-BF4B-00C04F79EFBC}") = "WebShopingApi", "WebShopingApi\WebShopingApi.csproj", "{FBD7CF04-6D79-4599-BFE3-663535FC1C54}"
EndProject
Global
	GlobalSection(SolutionConfigurationPlatforms) = preSolution
		Debug|Any CPU = Debug|Any CPU
		Release|Any CPU = Release|Any CPU
	EndGlobalSection
	GlobalSection(ProjectConfigurationPlatforms) = postSolution
		{FBD7CF04-6D79-4599-BFE3-663535FC1C54}.Debug|Any CPU.ActiveCfg = Debug|Any CPU
		{FBD7CF04-6D79-4599-BFE3-663535FC1C54}.Debug|Any CPU.Build.0 = Debug|Any CPU
		{FBD7CF04-6D79-4599-BFE3-663535FC1C54}.Release|Any CPU.ActiveCfg = Release|Any CPU
		{FBD7CF04-6D79-4599-BFE3-663535FC1C54}.Release|Any CPU.Build.0 = Release|Any CPU
	EndGlobalSection
	GlobalSection(SolutionProperties) = preSolution
		HideSolutionNode = FALSE
	EndGlobalSection
	GlobalSection(NestedProjects) = preSolution
		{FBD7CF04-6D79-4599-BFE3-663535FC1C54} = {C1B96D92-5CD2-41A5-A85C-8AC09A2387C9}
	EndGlobalSection
	GlobalSection(ExtensibilityGlobals) = postSolution
		SolutionGuid = {89DC7754-05C1-484B-BD28-B0C4D247897D}
	EndGlobalSection
EndGlobal
